// !$*UTF8*$!
{
	archiveVersion = 1;
	classes = {
	};
	objectVersion = 50;
	objects = {

/* Begin PBXBuildFile section */
		7F02133C2345DAFD005BFDD8 /* AppDelegate.swift in Sources */ = {isa = PBXBuildFile; fileRef = 7F02133B2345DAFD005BFDD8 /* AppDelegate.swift */; };
		7F02133E2345DAFD005BFDD8 /* ViewController.swift in Sources */ = {isa = PBXBuildFile; fileRef = 7F02133D2345DAFD005BFDD8 /* ViewController.swift */; };
		7F0213412345DAFD005BFDD8 /* Main.storyboard in Resources */ = {isa = PBXBuildFile; fileRef = 7F02133F2345DAFD005BFDD8 /* Main.storyboard */; };
		7F0213432345DB02005BFDD8 /* Assets.xcassets in Resources */ = {isa = PBXBuildFile; fileRef = 7F0213422345DB02005BFDD8 /* Assets.xcassets */; };
		7F0213462345DB02005BFDD8 /* LaunchScreen.storyboard in Resources */ = {isa = PBXBuildFile; fileRef = 7F0213442345DB02005BFDD8 /* LaunchScreen.storyboard */; };
		7FC747A6234F174C00087F67 /* RojaViewController.swift in Sources */ = {isa = PBXBuildFile; fileRef = 7FC747A5234F174C00087F67 /* RojaViewController.swift */; };
		7FFEA38D23683041004BC41E /* QRViewController.swift in Sources */ = {isa = PBXBuildFile; fileRef = 7FFEA38C23683041004BC41E /* QRViewController.swift */; };
		7FFEA38F23684246004BC41E /* SaveViewController.swift in Sources */ = {isa = PBXBuildFile; fileRef = 7FFEA38E23684246004BC41E /* SaveViewController.swift */; };
		7FFEA391236844A4004BC41E /* Persona.swift in Sources */ = {isa = PBXBuildFile; fileRef = 7FFEA390236844A4004BC41E /* Persona.swift */; };
/* End PBXBuildFile section */

/* Begin PBXFileReference section */
		7F0213382345DAFD005BFDD8 /* Vistas.app */ = {isa = PBXFileReference; explicitFileType = wrapper.application; includeInIndex = 0; path = Vistas.app; sourceTree = BUILT_PRODUCTS_DIR; };
		7F02133B2345DAFD005BFDD8 /* AppDelegate.swift */ = {isa = PBXFileReference; lastKnownFileType = sourcecode.swift; path = AppDelegate.swift; sourceTree = "<group>"; };
		7F02133D2345DAFD005BFDD8 /* ViewController.swift */ = {isa = PBXFileReference; lastKnownFileType = sourcecode.swift; path = ViewController.swift; sourceTree = "<group>"; };
		7F0213402345DAFD005BFDD8 /* Base */ = {isa = PBXFileReference; lastKnownFileType = file.storyboard; name = Base; path = Base.lproj/Main.storyboard; sourceTree = "<group>"; };
		7F0213422345DB02005BFDD8 /* Assets.xcassets */ = {isa = PBXFileReference; lastKnownFileType = folder.assetcatalog; path = Assets.xcassets; sourceTree = "<group>"; };
		7F0213452345DB02005BFDD8 /* Base */ = {isa = PBXFileReference; lastKnownFileType = file.storyboard; name = Base; path = Base.lproj/LaunchScreen.storyboard; sourceTree = "<group>"; };
		7F0213472345DB02005BFDD8 /* Info.plist */ = {isa = PBXFileReference; lastKnownFileType = text.plist.xml; path = Info.plist; sourceTree = "<group>"; };
		7FC747A5234F174C00087F67 /* RojaViewController.swift */ = {isa = PBXFileReference; lastKnownFileType = sourcecode.swift; path = RojaViewController.swift; sourceTree = "<group>"; };
		7FFEA38C23683041004BC41E /* QRViewController.swift */ = {isa = PBXFileReference; lastKnownFileType = sourcecode.swift; path = QRViewController.swift; sourceTree = "<group>"; };
		7FFEA38E23684246004BC41E /* SaveViewController.swift */ = {isa = PBXFileReference; lastKnownFileType = sourcecode.swift; path = SaveViewController.swift; sourceTree = "<group>"; };
		7FFEA390236844A4004BC41E /* Persona.swift */ = {isa = PBXFileReference; lastKnownFileType = sourcecode.swift; path = Persona.swift; sourceTree = "<group>"; };
/* End PBXFileReference section */

/* Begin PBXFrameworksBuildPhase section */
		7F0213352345DAFD005BFDD8 /* Frameworks */ = {
			isa = PBXFrameworksBuildPhase;
			buildActionMask = 2147483647;
			files = (
			);
			runOnlyForDeploymentPostprocessing = 0;
		};
/* End PBXFrameworksBuildPhase section */

/* Begin PBXGroup section */
		7F02132F2345DAFD005BFDD8 = {
			isa = PBXGroup;
			children = (
				7F02133A2345DAFD005BFDD8 /* Vistas */,
				7F0213392345DAFD005BFDD8 /* Products */,
			);
			sourceTree = "<group>";
		};
		7F0213392345DAFD005BFDD8 /* Products */ = {
			isa = PBXGroup;
			children = (
				7F0213382345DAFD005BFDD8 /* Vistas.app */,
			);
			name = Products;
			sourceTree = "<group>";
		};
		7F02133A2345DAFD005BFDD8 /* Vistas */ = {
			isa = PBXGroup;
			children = (
				7F02133B2345DAFD005BFDD8 /* AppDelegate.swift */,
				7F02133D2345DAFD005BFDD8 /* ViewController.swift */,
				7F02133F2345DAFD005BFDD8 /* Main.storyboard */,
				7F0213422345DB02005BFDD8 /* Assets.xcassets */,
				7F0213442345DB02005BFDD8 /* LaunchScreen.storyboard */,
				7F0213472345DB02005BFDD8 /* Info.plist */,
				7FC747A5234F174C00087F67 /* RojaViewController.swift */,
				7FFEA38C23683041004BC41E /* QRViewController.swift */,
				7FFEA38E23684246004BC41E /* SaveViewController.swift */,
				7FFEA390236844A4004BC41E /* Persona.swift */,
			);
			path = Vistas;
			sourceTree = "<group>";
		};
/* End PBXGroup section */

/* Begin PBXNativeTarget section */
		7F0213372345DAFD005BFDD8 /* Vistas */ = {
			isa = PBXNativeTarget;
			buildConfigurationList = 7F02134A2345DB02005BFDD8 /* Build configuration list for PBXNativeTarget "Vistas" */;
			buildPhases = (
				7F0213342345DAFD005BFDD8 /* Sources */,
				7F0213352345DAFD005BFDD8 /* Frameworks */,
				7F0213362345DAFD005BFDD8 /* Resources */,
			);
			buildRules = (
			);
			dependencies = (
			);
			name = Vistas;
			productName = Vistas;
			productReference = 7F0213382345DAFD005BFDD8 /* Vistas.app */;
			productType = "com.apple.product-type.application";
		};
/* End PBXNativeTarget section */

/* Begin PBXProject section */
		7F0213302345DAFD005BFDD8 /* Project object */ = {
			isa = PBXProject;
			attributes = {
				LastSwiftUpdateCheck = 1020;
				LastUpgradeCheck = 1020;
				ORGANIZATIONNAME = alumnos;
				TargetAttributes = {
					7F0213372345DAFD005BFDD8 = {
						CreatedOnToolsVersion = 10.2.1;
					};
				};
			};
			buildConfigurationList = 7F0213332345DAFD005BFDD8 /* Build configuration list for PBXProject "Vistas" */;
			compatibilityVersion = "Xcode 9.3";
			developmentRegion = en;
			hasScannedForEncodings = 0;
			knownRegions = (
				en,
				Base,
			);
			mainGroup = 7F02132F2345DAFD005BFDD8;
			productRefGroup = 7F0213392345DAFD005BFDD8 /* Products */;
			projectDirPath = "";
			projectRoot = "";
			targets = (
				7F0213372345DAFD005BFDD8 /* Vistas */,
			);
		};
/* End PBXProject section */

/* Begin PBXResourcesBuildPhase section */
		7F0213362345DAFD005BFDD8 /* Resources */ = {
			isa = PBXResourcesBuildPhase;
			buildActionMask = 2147483647;
			files = (
				7F0213462345DB02005BFDD8 /* LaunchScreen.storyboard in Resources */,
				7F0213432345DB02005BFDD8 /* Assets.xcassets in Resources */,
				7F0213412345DAFD005BFDD8 /* Main.storyboard in Resources */,
			);
			runOnlyForDeploymentPostprocessing = 0;
		};
/* End PBXResourcesBuildPhase section */

/* Begin PBXSourcesBuildPhase section */
		7F0213342345DAFD005BFDD8 /* Sources */ = {
			isa = PBXSourcesBuildPhase;
			buildActionMask = 2147483647;
			files = (
				7FFEA391236844A4004BC41E /* Persona.swift in Sources */,
				7F02133E2345DAFD005BFDD8 /* ViewController.swift in Sources */,
				7FFEA38F23684246004BC41E /* SaveViewController.swift in Sources */,
				7FC747A6234F174C00087F67 /* RojaViewController.swift in Sources */,
				7F02133C2345DAFD005BFDD8 /* AppDelegate.swift in Sources */,
				7FFEA38D23683041004BC41E /* QRViewController.swift in Sources */,
			);
			runOnlyForDeploymentPostprocessing = 0;
		};
/* End PBXSourcesBuildPhase section */

/* Begin PBXVariantGroup section */
		7F02133F2345DAFD005BFDD8 /* Main.storyboard */ = {
			isa = PBXVariantGroup;
			children = (
				7F0213402345DAFD005BFDD8 /* Base */,
			);
			name = Main.storyboard;
			sourceTree = "<group>";
		};
		7F0213442345DB02005BFDD8 /* LaunchScreen.storyboard */ = {
			isa = PBXVariantGroup;
			children = (
				7F0213452345DB02005BFDD8 /* Base */,
			);
			name = LaunchScreen.storyboard;
			sourceTree = "<group>";
		};
/* End PBXVariantGroup section */

/* Begin XCBuildConfiguration section */
		7F0213482345DB02005BFDD8 /* Debug */ = {
			isa = XCBuildConfiguration;
			buildSettings = {
				ALWAYS_SEARCH_USER_PATHS = NO;
				CLANG_ANALYZER_NONNULL = YES;
				CLANG_ANALYZER_NUMBER_OBJECT_CONVERSION = YES_AGGRESSIVE;
				CLANG_CXX_LANGUAGE_STANDARD = "gnu++14";
				CLANG_CXX_LIBRARY = "libc++";
				CLANG_ENABLE_MODULES = YES;
				CLANG_ENABLE_OBJC_ARC = YES;
				CLANG_ENABLE_OBJC_WEAK = YES;
				CLANG_WARN_BLOCK_CAPTURE_AUTORELEASING = YES;
				CLANG_WARN_BOOL_CONVERSION = YES;
				CLANG_WARN_COMMA = YES;
				CLANG_WARN_CONSTANT_CONVERSION = YES;
				CLANG_WARN_DEPRECATED_OBJC_IMPLEMENTATIONS = YES;
				CLANG_WARN_DIRECT_OBJC_ISA_USAGE = YES_ERROR;
				CLANG_WARN_DOCUMENTATION_COMMENTS = YES;
				CLANG_WARN_EMPTY_BODY = YES;
				CLANG_WARN_ENUM_CONVERSION = YES;
				CLANG_WARN_INFINITE_RECURSION = YES;
				CLANG_WARN_INT_CONVERSION = YES;
				CLANG_WARN_NON_LITERAL_NULL_CONVERSION = YES;
				CLANG_WARN_OBJC_IMPLICIT_RETAIN_SELF = YES;
				CLANG_WARN_OBJC_LITERAL_CONVERSION = YES;
				CLANG_WARN_OBJC_ROOT_CLASS = YES_ERROR;
				CLANG_WARN_RANGE_LOOP_ANALYSIS = YES;
				CLANG_WARN_STRICT_PROTOTYPES = YES;
				CLANG_WARN_SUSPICIOUS_MOVE = YES;
				CLANG_WARN_UNGUARDED_AVAILABILITY = YES_AGGRESSIVE;
				CLANG_WARN_UNREACHABLE_CODE = YES;
				CLANG_WARN__DUPLICATE_METHOD_MATCH = YES;
				CODE_SIGN_IDENTITY = "iPhone Developer";
				COPY_PHASE_STRIP = NO;
				DEBUG_INFORMATION_FORMAT = dwarf;
				ENABLE_STRICT_OBJC_MSGSEND = YES;
				ENABLE_TESTABILITY = YES;
				GCC_C_LANGUAGE_STANDARD = gnu11;
				GCC_DYNAMIC_NO_PIC = NO;
				GCC_NO_COMMON_BLOCKS = YES;
				GCC_OPTIMIZATION_LEVEL = 0;
				GCC_PREPROCESSOR_DEFINITIONS = (
					"DEBUG=1",
					"$(inherited)",
				);
				GCC_WARN_64_TO_32_BIT_CONVERSION = YES;
				GCC_WARN_ABOUT_RETURN_TYPE = YES_ERROR;
				GCC_WARN_UNDECLARED_SELECTOR = YES;
				GCC_WARN_UNINITIALIZED_AUTOS = YES_AGGRESSIVE;
				GCC_WARN_UNUSED_FUNCTION = YES;
				GCC_WARN_UNUSED_VARIABLE = YES;
				IPHONEOS_DEPLOYMENT_TARGET = 12.2;
				MTL_ENABLE_DEBUG_INFO = INCLUDE_SOURCE;
				MTL_FAST_MATH = YES;
				ONLY_ACTIVE_ARCH = YES;
				SDKROOT = iphoneos;
				SWIFT_ACTIVE_COMPILATION_CONDITIONS = DEBUG;
				SWIFT_OPTIMIZATION_LEVEL = "-Onone";
			};
			name = Debug;
		};
		7F0213492345DB02005BFDD8 /* Release */ = {
			isa = XCBuildConfiguration;
			buildSettings = {
				ALWAYS_SEARCH_USER_PATHS = NO;
				CLANG_ANALYZER_NONNULL = YES;
				CLANG_ANALYZER_NUMBER_OBJECT_CONVERSION = YES_AGGRESSIVE;
				CLANG_CXX_LANGUAGE_STANDARD = "gnu++14";
				CLANG_CXX_LIBRARY = "libc++";
				CLANG_ENABLE_MODULES = YES;
				CLANG_ENABLE_OBJC_ARC = YES;
				CLANG_ENABLE_OBJC_WEAK = YES;
				CLANG_WARN_BLOCK_CAPTURE_AUTORELEASING = YES;
				CLANG_WARN_BOOL_CONVERSION = YES;
				CLANG_WARN_COMMA = YES;
				CLANG_WARN_CONSTANT_CONVERSION = YES;
				CLANG_WARN_DEPRECATED_OBJC_IMPLEMENTATIONS = YES;
				CLANG_WARN_DIRECT_OBJC_ISA_USAGE = YES_ERROR;
				CLANG_WARN_DOCUMENTATION_COMMENTS = YES;
				CLANG_WARN_EMPTY_BODY = YES;
				CLANG_WARN_ENUM_CONVERSION = YES;
				CLANG_WARN_INFINITE_RECURSION = YES;
				CLANG_WARN_INT_CONVERSION = YES;
				CLANG_WARN_NON_LITERAL_NULL_CONVERSION = YES;
				CLANG_WARN_OBJC_IMPLICIT_RETAIN_SELF = YES;
				CLANG_WARN_OBJC_LITERAL_CONVERSION = YES;
				CLANG_WARN_OBJC_ROOT_CLASS = YES_ERROR;
				CLANG_WARN_RANGE_LOOP_ANALYSIS = YES;
				CLANG_WARN_STRICT_PROTOTYPES = YES;
				CLANG_WARN_SUSPICIOUS_MOVE = YES;
				CLANG_WARN_UNGUARDED_AVAILABILITY = YES_AGGRESSIVE;
				CLANG_WARN_UNREACHABLE_CODE = YES;
				CLANG_WARN__DUPLICATE_METHOD_MATCH = YES;
				CODE_SIGN_IDENTITY = "iPhone Developer";
				COPY_PHASE_STRIP = NO;
				DEBUG_INFORMATION_FORMAT = "dwarf-with-dsym";
				ENABLE_NS_ASSERTIONS = NO;
				ENABLE_STRICT_OBJC_MSGSEND = YES;
				GCC_C_LANGUAGE_STANDARD = gnu11;
				GCC_NO_COMMON_BLOCKS = YES;
				GCC_WARN_64_TO_32_BIT_CONVERSION = YES;
				GCC_WARN_ABOUT_RETURN_TYPE = YES_ERROR;
				GCC_WARN_UNDECLARED_SELECTOR = YES;
				GCC_WARN_UNINITIALIZED_AUTOS = YES_AGGRESSIVE;
				GCC_WARN_UNUSED_FUNCTION = YES;
				GCC_WARN_UNUSED_VARIABLE = YES;
				IPHONEOS_DEPLOYMENT_TARGET = 12.2;
				MTL_ENABLE_DEBUG_INFO = NO;
				MTL_FAST_MATH = YES;
				SDKROOT = iphoneos;
				SWIFT_COMPILATION_MODE = wholemodule;
				SWIFT_OPTIMIZATION_LEVEL = "-O";
				VALIDATE_PRODUCT = YES;
			};
			name = Release;
		};
		7F02134B2345DB02005BFDD8 /* Debug */ = {
			isa = XCBuildConfiguration;
			buildSettings = {
				ASSETCATALOG_COMPILER_APPICON_NAME = AppIcon;
				CODE_SIGN_STYLE = Automatic;
				INFOPLIST_FILE = Vistas/Info.plist;
				IPHONEOS_DEPLOYMENT_TARGET = 12.2;
				LD_RUNPATH_SEARCH_PATHS = (
					"$(inherited)",
					"@executable_path/Frameworks",
				);
				PRODUCT_BUNDLE_IDENTIFIER = profe.Vistas;
				PRODUCT_NAME = "$(TARGET_NAME)";
				SWIFT_VERSION = 5.0;
				TARGETED_DEVICE_FAMILY = "1,2";
			};
			name = Debug;
		};
		7F02134C2345DB02005BFDD8 /* Release */ = {
			isa = XCBuildConfiguration;
			buildSettings = {
				ASSETCATALOG_COMPILER_APPICON_NAME = AppIcon;
				CODE_SIGN_STYLE = Automatic;
				INFOPLIST_FILE = Vistas/Info.plist;
				IPHONEOS_DEPLOYMENT_TARGET = 12.2;
				LD_RUNPATH_SEARCH_PATHS = (
					"$(inherited)",
					"@executable_path/Frameworks",
				);
				PRODUCT_BUNDLE_IDENTIFIER = profe.Vistas;
				PRODUCT_NAME = "$(TARGET_NAME)";
				SWIFT_VERSION = 5.0;
				TARGETED_DEVICE_FAMILY = "1,2";
			};
			name = Release;
		};
/* End XCBuildConfiguration section */

/* Begin XCConfigurationList section */
		7F0213332345DAFD005BFDD8 /* Build configuration list for PBXProject "Vistas" */ = {
			isa = XCConfigurationList;
			buildConfigurations = (
				7F0213482345DB02005BFDD8 /* Debug */,
				7F0213492345DB02005BFDD8 /* Release */,
			);
			defaultConfigurationIsVisible = 0;
			defaultConfigurationName = Release;
		};
		7F02134A2345DB02005BFDD8 /* Build configuration list for PBXNativeTarget "Vistas" */ = {
			isa = XCConfigurationList;
			buildConfigurations = (
				7F02134B2345DB02005BFDD8 /* Debug */,
				7F02134C2345DB02005BFDD8 /* Release */,
			);
			defaultConfigurationIsVisible = 0;
			defaultConfigurationName = Release;
		};
/* End XCConfigurationList section */
	};
	rootObject = 7F0213302345DAFD005BFDD8 /* Project object */;
}
